
Microsoft Visual Studio Solution File, Format Version 12.00
# Visual Studio 15
VisualStudioVersion = 15.0.27703.2042
MinimumVisualStudioVersion = 10.0.40219.1
Project("{FAE04EC0-301F-11D3-BF4B-00C04F79EFBC}") = "Cafeteria_1.1", "Cafeteria_1.1\Cafeteria_1.1.csproj", "{8347F478-6D5B-429E-A713-9A7DB9C7E054}"
EndProject
Global
	GlobalSection(SolutionConfigurationPlatforms) = preSolution
		Debug|Any CPU = Debug|Any CPU
		Release|Any CPU = Release|Any CPU
	EndGlobalSection
	GlobalSection(ProjectConfigurationPlatforms) = postSolution
		{8347F478-6D5B-429E-A713-9A7DB9C7E054}.Debug|Any CPU.ActiveCfg = Debug|Any CPU
		{8347F478-6D5B-429E-A713-9A7DB9C7E054}.Debug|Any CPU.Build.0 = Debug|Any CPU
		{8347F478-6D5B-429E-A713-9A7DB9C7E054}.Release|Any CPU.ActiveCfg = Release|Any CPU
		{8347F478-6D5B-429E-A713-9A7DB9C7E054}.Release|Any CPU.Build.0 = Release|Any CPU
	EndGlobalSection
	GlobalSection(SolutionProperties) = preSolution
		HideSolutionNode = FALSE
	EndGlobalSection
	GlobalSection(ExtensibilityGlobals) = postSolution
		SolutionGuid = {F14E5CBF-F7E3-40BB-BA55-57E3AAD6B876}
	EndGlobalSection
EndGlobal
